// !$*UTF8*$!
{
	archiveVersion = 1;
	classes = {
	};
	objectVersion = 51;
	objects = {

/* Begin PBXBuildFile section */
		155ABA6124646FE800AEB154 /* AppDelegate.swift in Sources */ = {isa = PBXBuildFile; fileRef = 155ABA6024646FE800AEB154 /* AppDelegate.swift */; };
		155ABA6324646FE800AEB154 /* SceneDelegate.swift in Sources */ = {isa = PBXBuildFile; fileRef = 155ABA6224646FE800AEB154 /* SceneDelegate.swift */; };
		155ABA6824646FE800AEB154 /* Main.storyboard in Resources */ = {isa = PBXBuildFile; fileRef = 155ABA6624646FE800AEB154 /* Main.storyboard */; };
		155ABA6B24646FE800AEB154 /* RxMemo.xcdatamodeld in Sources */ = {isa = PBXBuildFile; fileRef = 155ABA6924646FE800AEB154 /* RxMemo.xcdatamodeld */; };
		155ABA6D24646FE900AEB154 /* Assets.xcassets in Resources */ = {isa = PBXBuildFile; fileRef = 155ABA6C24646FE900AEB154 /* Assets.xcassets */; };
		155ABA7024646FE900AEB154 /* LaunchScreen.storyboard in Resources */ = {isa = PBXBuildFile; fileRef = 155ABA6E24646FE900AEB154 /* LaunchScreen.storyboard */; };
		155ABA7D2464733300AEB154 /* Memo.swift in Sources */ = {isa = PBXBuildFile; fileRef = 155ABA7C2464733300AEB154 /* Memo.swift */; };
		155ABA7F246473E100AEB154 /* MemoStorageType.swift in Sources */ = {isa = PBXBuildFile; fileRef = 155ABA7E246473E100AEB154 /* MemoStorageType.swift */; };
		155ABA83246474A000AEB154 /* MemoryStorage.swift in Sources */ = {isa = PBXBuildFile; fileRef = 155ABA82246474A000AEB154 /* MemoryStorage.swift */; };
		155ABA852464796800AEB154 /* MemoListViewController.swift in Sources */ = {isa = PBXBuildFile; fileRef = 155ABA842464796800AEB154 /* MemoListViewController.swift */; };
		155ABA872464799500AEB154 /* MemoDetailViewController.swift in Sources */ = {isa = PBXBuildFile; fileRef = 155ABA862464799500AEB154 /* MemoDetailViewController.swift */; };
		155ABA89246479B800AEB154 /* MemoComposeViewController.swift in Sources */ = {isa = PBXBuildFile; fileRef = 155ABA88246479B800AEB154 /* MemoComposeViewController.swift */; };
		155ABA8B246479E700AEB154 /* MemoListViewModel.swift in Sources */ = {isa = PBXBuildFile; fileRef = 155ABA8A246479E700AEB154 /* MemoListViewModel.swift */; };
		155ABA8D24647A0D00AEB154 /* MemoDetailViewModel.swift in Sources */ = {isa = PBXBuildFile; fileRef = 155ABA8C24647A0D00AEB154 /* MemoDetailViewModel.swift */; };
		155ABA8F24647A3400AEB154 /* MemoComposeViewModel.swift in Sources */ = {isa = PBXBuildFile; fileRef = 155ABA8E24647A3400AEB154 /* MemoComposeViewModel.swift */; };
		155ABA912464840E00AEB154 /* ViewModelBindableType.swift in Sources */ = {isa = PBXBuildFile; fileRef = 155ABA902464840E00AEB154 /* ViewModelBindableType.swift */; };
		FF1024A11A0E5B87485E4364 /* Pods_RxMemo.framework in Frameworks */ = {isa = PBXBuildFile; fileRef = 889409995A3B692137C129B2 /* Pods_RxMemo.framework */; };
/* End PBXBuildFile section */

/* Begin PBXFileReference section */
		09541DA08A8C728D2019F77C /* Pods-RxMemo.release.xcconfig */ = {isa = PBXFileReference; includeInIndex = 1; lastKnownFileType = text.xcconfig; name = "Pods-RxMemo.release.xcconfig"; path = "Target Support Files/Pods-RxMemo/Pods-RxMemo.release.xcconfig"; sourceTree = "<group>"; };
		155ABA5D24646FE800AEB154 /* RxMemo.app */ = {isa = PBXFileReference; explicitFileType = wrapper.application; includeInIndex = 0; path = RxMemo.app; sourceTree = BUILT_PRODUCTS_DIR; };
		155ABA6024646FE800AEB154 /* AppDelegate.swift */ = {isa = PBXFileReference; lastKnownFileType = sourcecode.swift; path = AppDelegate.swift; sourceTree = "<group>"; };
		155ABA6224646FE800AEB154 /* SceneDelegate.swift */ = {isa = PBXFileReference; lastKnownFileType = sourcecode.swift; path = SceneDelegate.swift; sourceTree = "<group>"; };
		155ABA6724646FE800AEB154 /* Base */ = {isa = PBXFileReference; lastKnownFileType = file.storyboard; name = Base; path = Base.lproj/Main.storyboard; sourceTree = "<group>"; };
		155ABA6A24646FE800AEB154 /* RxMemo.xcdatamodel */ = {isa = PBXFileReference; lastKnownFileType = wrapper.xcdatamodel; path = RxMemo.xcdatamodel; sourceTree = "<group>"; };
		155ABA6C24646FE900AEB154 /* Assets.xcassets */ = {isa = PBXFileReference; lastKnownFileType = folder.assetcatalog; path = Assets.xcassets; sourceTree = "<group>"; };
		155ABA6F24646FE900AEB154 /* Base */ = {isa = PBXFileReference; lastKnownFileType = file.storyboard; name = Base; path = Base.lproj/LaunchScreen.storyboard; sourceTree = "<group>"; };
		155ABA7124646FE900AEB154 /* Info.plist */ = {isa = PBXFileReference; lastKnownFileType = text.plist.xml; path = Info.plist; sourceTree = "<group>"; };
		155ABA7C2464733300AEB154 /* Memo.swift */ = {isa = PBXFileReference; lastKnownFileType = sourcecode.swift; path = Memo.swift; sourceTree = "<group>"; };
		155ABA7E246473E100AEB154 /* MemoStorageType.swift */ = {isa = PBXFileReference; lastKnownFileType = sourcecode.swift; path = MemoStorageType.swift; sourceTree = "<group>"; };
		155ABA82246474A000AEB154 /* MemoryStorage.swift */ = {isa = PBXFileReference; lastKnownFileType = sourcecode.swift; path = MemoryStorage.swift; sourceTree = "<group>"; };
		155ABA842464796800AEB154 /* MemoListViewController.swift */ = {isa = PBXFileReference; lastKnownFileType = sourcecode.swift; path = MemoListViewController.swift; sourceTree = "<group>"; };
		155ABA862464799500AEB154 /* MemoDetailViewController.swift */ = {isa = PBXFileReference; lastKnownFileType = sourcecode.swift; path = MemoDetailViewController.swift; sourceTree = "<group>"; };
		155ABA88246479B800AEB154 /* MemoComposeViewController.swift */ = {isa = PBXFileReference; lastKnownFileType = sourcecode.swift; path = MemoComposeViewController.swift; sourceTree = "<group>"; };
		155ABA8A246479E700AEB154 /* MemoListViewModel.swift */ = {isa = PBXFileReference; lastKnownFileType = sourcecode.swift; path = MemoListViewModel.swift; sourceTree = "<group>"; };
		155ABA8C24647A0D00AEB154 /* MemoDetailViewModel.swift */ = {isa = PBXFileReference; lastKnownFileType = sourcecode.swift; path = MemoDetailViewModel.swift; sourceTree = "<group>"; };
		155ABA8E24647A3400AEB154 /* MemoComposeViewModel.swift */ = {isa = PBXFileReference; lastKnownFileType = sourcecode.swift; path = MemoComposeViewModel.swift; sourceTree = "<group>"; };
		155ABA902464840E00AEB154 /* ViewModelBindableType.swift */ = {isa = PBXFileReference; lastKnownFileType = sourcecode.swift; path = ViewModelBindableType.swift; sourceTree = "<group>"; };
		50CF54CA6253586D0E4685E4 /* Pods-RxMemo.debug.xcconfig */ = {isa = PBXFileReference; includeInIndex = 1; lastKnownFileType = text.xcconfig; name = "Pods-RxMemo.debug.xcconfig"; path = "Target Support Files/Pods-RxMemo/Pods-RxMemo.debug.xcconfig"; sourceTree = "<group>"; };
		889409995A3B692137C129B2 /* Pods_RxMemo.framework */ = {isa = PBXFileReference; explicitFileType = wrapper.framework; includeInIndex = 0; path = Pods_RxMemo.framework; sourceTree = BUILT_PRODUCTS_DIR; };
/* End PBXFileReference section */

/* Begin PBXFrameworksBuildPhase section */
		155ABA5A24646FE800AEB154 /* Frameworks */ = {
			isa = PBXFrameworksBuildPhase;
			buildActionMask = 2147483647;
			files = (
				FF1024A11A0E5B87485E4364 /* Pods_RxMemo.framework in Frameworks */,
			);
			runOnlyForDeploymentPostprocessing = 0;
		};
/* End PBXFrameworksBuildPhase section */

/* Begin PBXGroup section */
		155ABA5424646FE800AEB154 = {
			isa = PBXGroup;
			children = (
				155ABA5F24646FE800AEB154 /* RxMemo */,
				155ABA5E24646FE800AEB154 /* Products */,
				9484F27A4B36025B732F27E9 /* Pods */,
				9B29F810D9A0D3DE4EB15E60 /* Frameworks */,
			);
			sourceTree = "<group>";
		};
		155ABA5E24646FE800AEB154 /* Products */ = {
			isa = PBXGroup;
			children = (
				155ABA5D24646FE800AEB154 /* RxMemo.app */,
			);
			name = Products;
			sourceTree = "<group>";
		};
		155ABA5F24646FE800AEB154 /* RxMemo */ = {
			isa = PBXGroup;
			children = (
				155ABA7B2464726100AEB154 /* Scene */,
				155ABA7A2464724D00AEB154 /* Service */,
				155ABA792464723800AEB154 /* ViewModel */,
				155ABA782464723000AEB154 /* ViewController */,
				155ABA772464721600AEB154 /* Model */,
				155ABA6024646FE800AEB154 /* AppDelegate.swift */,
				155ABA6224646FE800AEB154 /* SceneDelegate.swift */,
				155ABA6C24646FE900AEB154 /* Assets.xcassets */,
				155ABA7124646FE900AEB154 /* Info.plist */,
			);
			path = RxMemo;
			sourceTree = "<group>";
		};
		155ABA772464721600AEB154 /* Model */ = {
			isa = PBXGroup;
			children = (
				155ABA7C2464733300AEB154 /* Memo.swift */,
			);
			path = Model;
			sourceTree = "<group>";
		};
		155ABA782464723000AEB154 /* ViewController */ = {
			isa = PBXGroup;
			children = (
				155ABA6624646FE800AEB154 /* Main.storyboard */,
				155ABA6E24646FE900AEB154 /* LaunchScreen.storyboard */,
				155ABA842464796800AEB154 /* MemoListViewController.swift */,
				155ABA862464799500AEB154 /* MemoDetailViewController.swift */,
				155ABA88246479B800AEB154 /* MemoComposeViewController.swift */,
				155ABA902464840E00AEB154 /* ViewModelBindableType.swift */,
			);
			path = ViewController;
			sourceTree = "<group>";
		};
		155ABA792464723800AEB154 /* ViewModel */ = {
			isa = PBXGroup;
			children = (
				155ABA8A246479E700AEB154 /* MemoListViewModel.swift */,
				155ABA8C24647A0D00AEB154 /* MemoDetailViewModel.swift */,
				155ABA8E24647A3400AEB154 /* MemoComposeViewModel.swift */,
			);
			path = ViewModel;
			sourceTree = "<group>";
		};
		155ABA7A2464724D00AEB154 /* Service */ = {
			isa = PBXGroup;
			children = (
				155ABA7E246473E100AEB154 /* MemoStorageType.swift */,
				155ABA812464747C00AEB154 /* CoreDataStorage */,
				155ABA802464746E00AEB154 /* MemoStorage */,
			);
			path = Service;
			sourceTree = "<group>";
		};
		155ABA7B2464726100AEB154 /* Scene */ = {
			isa = PBXGroup;
			children = (
			);
			path = Scene;
			sourceTree = "<group>";
		};
		155ABA802464746E00AEB154 /* MemoStorage */ = {
			isa = PBXGroup;
			children = (
				155ABA82246474A000AEB154 /* MemoryStorage.swift */,
			);
			path = MemoStorage;
			sourceTree = "<group>";
		};
		155ABA812464747C00AEB154 /* CoreDataStorage */ = {
			isa = PBXGroup;
			children = (
				155ABA6924646FE800AEB154 /* RxMemo.xcdatamodeld */,
			);
			path = CoreDataStorage;
			sourceTree = "<group>";
		};
		9484F27A4B36025B732F27E9 /* Pods */ = {
			isa = PBXGroup;
			children = (
				50CF54CA6253586D0E4685E4 /* Pods-RxMemo.debug.xcconfig */,
				09541DA08A8C728D2019F77C /* Pods-RxMemo.release.xcconfig */,
			);
			path = Pods;
			sourceTree = "<group>";
		};
		9B29F810D9A0D3DE4EB15E60 /* Frameworks */ = {
			isa = PBXGroup;
			children = (
				889409995A3B692137C129B2 /* Pods_RxMemo.framework */,
			);
			name = Frameworks;
			sourceTree = "<group>";
		};
/* End PBXGroup section */

/* Begin PBXNativeTarget section */
		155ABA5C24646FE800AEB154 /* RxMemo */ = {
			isa = PBXNativeTarget;
			buildConfigurationList = 155ABA7424646FE900AEB154 /* Build configuration list for PBXNativeTarget "RxMemo" */;
			buildPhases = (
				AA2A314C8165A7CE6BFA3EAC /* [CP] Check Pods Manifest.lock */,
				155ABA5924646FE800AEB154 /* Sources */,
				155ABA5A24646FE800AEB154 /* Frameworks */,
				155ABA5B24646FE800AEB154 /* Resources */,
				FF90FA03C423B5CBC90A315F /* [CP] Embed Pods Frameworks */,
			);
			buildRules = (
			);
			dependencies = (
			);
			name = RxMemo;
			productName = RxMemo;
			productReference = 155ABA5D24646FE800AEB154 /* RxMemo.app */;
			productType = "com.apple.product-type.application";
		};
/* End PBXNativeTarget section */

/* Begin PBXProject section */
		155ABA5524646FE800AEB154 /* Project object */ = {
			isa = PBXProject;
			attributes = {
				LastSwiftUpdateCheck = 1140;
				LastUpgradeCheck = 1140;
				ORGANIZATIONNAME = pandaman;
				TargetAttributes = {
					155ABA5C24646FE800AEB154 = {
						CreatedOnToolsVersion = 11.4.1;
					};
				};
			};
			buildConfigurationList = 155ABA5824646FE800AEB154 /* Build configuration list for PBXProject "RxMemo" */;
			compatibilityVersion = "Xcode 9.3";
			developmentRegion = en;
			hasScannedForEncodings = 0;
			knownRegions = (
				en,
				Base,
			);
			mainGroup = 155ABA5424646FE800AEB154;
			productRefGroup = 155ABA5E24646FE800AEB154 /* Products */;
			projectDirPath = "";
			projectRoot = "";
			targets = (
				155ABA5C24646FE800AEB154 /* RxMemo */,
			);
		};
/* End PBXProject section */

/* Begin PBXResourcesBuildPhase section */
		155ABA5B24646FE800AEB154 /* Resources */ = {
			isa = PBXResourcesBuildPhase;
			buildActionMask = 2147483647;
			files = (
				155ABA7024646FE900AEB154 /* LaunchScreen.storyboard in Resources */,
				155ABA6D24646FE900AEB154 /* Assets.xcassets in Resources */,
				155ABA6824646FE800AEB154 /* Main.storyboard in Resources */,
			);
			runOnlyForDeploymentPostprocessing = 0;
		};
/* End PBXResourcesBuildPhase section */

/* Begin PBXShellScriptBuildPhase section */
		AA2A314C8165A7CE6BFA3EAC /* [CP] Check Pods Manifest.lock */ = {
			isa = PBXShellScriptBuildPhase;
			buildActionMask = 2147483647;
			files = (
			);
			inputFileListPaths = (
			);
			inputPaths = (
				"${PODS_PODFILE_DIR_PATH}/Podfile.lock",
				"${PODS_ROOT}/Manifest.lock",
			);
			name = "[CP] Check Pods Manifest.lock";
			outputFileListPaths = (
			);
			outputPaths = (
				"$(DERIVED_FILE_DIR)/Pods-RxMemo-checkManifestLockResult.txt",
			);
			runOnlyForDeploymentPostprocessing = 0;
			shellPath = /bin/sh;
			shellScript = "diff \"${PODS_PODFILE_DIR_PATH}/Podfile.lock\" \"${PODS_ROOT}/Manifest.lock\" > /dev/null\nif [ $? != 0 ] ; then\n    # print error to STDERR\n    echo \"error: The sandbox is not in sync with the Podfile.lock. Run 'pod install' or update your CocoaPods installation.\" >&2\n    exit 1\nfi\n# This output is used by Xcode 'outputs' to avoid re-running this script phase.\necho \"SUCCESS\" > \"${SCRIPT_OUTPUT_FILE_0}\"\n";
			showEnvVarsInLog = 0;
		};
		FF90FA03C423B5CBC90A315F /* [CP] Embed Pods Frameworks */ = {
			isa = PBXShellScriptBuildPhase;
			buildActionMask = 2147483647;
			files = (
			);
			inputFileListPaths = (
				"${PODS_ROOT}/Target Support Files/Pods-RxMemo/Pods-RxMemo-frameworks-${CONFIGURATION}-input-files.xcfilelist",
			);
			name = "[CP] Embed Pods Frameworks";
			outputFileListPaths = (
				"${PODS_ROOT}/Target Support Files/Pods-RxMemo/Pods-RxMemo-frameworks-${CONFIGURATION}-output-files.xcfilelist",
			);
			runOnlyForDeploymentPostprocessing = 0;
			shellPath = /bin/sh;
			shellScript = "\"${PODS_ROOT}/Target Support Files/Pods-RxMemo/Pods-RxMemo-frameworks.sh\"\n";
			showEnvVarsInLog = 0;
		};
/* End PBXShellScriptBuildPhase section */

/* Begin PBXSourcesBuildPhase section */
		155ABA5924646FE800AEB154 /* Sources */ = {
			isa = PBXSourcesBuildPhase;
			buildActionMask = 2147483647;
			files = (
				155ABA83246474A000AEB154 /* MemoryStorage.swift in Sources */,
				155ABA8F24647A3400AEB154 /* MemoComposeViewModel.swift in Sources */,
				155ABA872464799500AEB154 /* MemoDetailViewController.swift in Sources */,
				155ABA912464840E00AEB154 /* ViewModelBindableType.swift in Sources */,
				155ABA6124646FE800AEB154 /* AppDelegate.swift in Sources */,
				155ABA7F246473E100AEB154 /* MemoStorageType.swift in Sources */,
				155ABA6324646FE800AEB154 /* SceneDelegate.swift in Sources */,
				155ABA6B24646FE800AEB154 /* RxMemo.xcdatamodeld in Sources */,
				155ABA8B246479E700AEB154 /* MemoListViewModel.swift in Sources */,
				155ABA8D24647A0D00AEB154 /* MemoDetailViewModel.swift in Sources */,
				155ABA852464796800AEB154 /* MemoListViewController.swift in Sources */,
				155ABA89246479B800AEB154 /* MemoComposeViewController.swift in Sources */,
				155ABA7D2464733300AEB154 /* Memo.swift in Sources */,
			);
			runOnlyForDeploymentPostprocessing = 0;
		};
/* End PBXSourcesBuildPhase section */

/* Begin PBXVariantGroup section */
		155ABA6624646FE800AEB154 /* Main.storyboard */ = {
			isa = PBXVariantGroup;
			children = (
				155ABA6724646FE800AEB154 /* Base */,
			);
			name = Main.storyboard;
			sourceTree = "<group>";
		};
		155ABA6E24646FE900AEB154 /* LaunchScreen.storyboard */ = {
			isa = PBXVariantGroup;
			children = (
				155ABA6F24646FE900AEB154 /* Base */,
			);
			name = LaunchScreen.storyboard;
			sourceTree = "<group>";
		};
/* End PBXVariantGroup section */

/* Begin XCBuildConfiguration section */
		155ABA7224646FE900AEB154 /* Debug */ = {
			isa = XCBuildConfiguration;
			buildSettings = {
				ALWAYS_SEARCH_USER_PATHS = NO;
				CLANG_ANALYZER_NONNULL = YES;
				CLANG_ANALYZER_NUMBER_OBJECT_CONVERSION = YES_AGGRESSIVE;
				CLANG_CXX_LANGUAGE_STANDARD = "gnu++14";
				CLANG_CXX_LIBRARY = "libc++";
				CLANG_ENABLE_MODULES = YES;
				CLANG_ENABLE_OBJC_ARC = YES;
				CLANG_ENABLE_OBJC_WEAK = YES;
				CLANG_WARN_BLOCK_CAPTURE_AUTORELEASING = YES;
				CLANG_WARN_BOOL_CONVERSION = YES;
				CLANG_WARN_COMMA = YES;
				CLANG_WARN_CONSTANT_CONVERSION = YES;
				CLANG_WARN_DEPRECATED_OBJC_IMPLEMENTATIONS = YES;
				CLANG_WARN_DIRECT_OBJC_ISA_USAGE = YES_ERROR;
				CLANG_WARN_DOCUMENTATION_COMMENTS = YES;
				CLANG_WARN_EMPTY_BODY = YES;
				CLANG_WARN_ENUM_CONVERSION = YES;
				CLANG_WARN_INFINITE_RECURSION = YES;
				CLANG_WARN_INT_CONVERSION = YES;
				CLANG_WARN_NON_LITERAL_NULL_CONVERSION = YES;
				CLANG_WARN_OBJC_IMPLICIT_RETAIN_SELF = YES;
				CLANG_WARN_OBJC_LITERAL_CONVERSION = YES;
				CLANG_WARN_OBJC_ROOT_CLASS = YES_ERROR;
				CLANG_WARN_RANGE_LOOP_ANALYSIS = YES;
				CLANG_WARN_STRICT_PROTOTYPES = YES;
				CLANG_WARN_SUSPICIOUS_MOVE = YES;
				CLANG_WARN_UNGUARDED_AVAILABILITY = YES_AGGRESSIVE;
				CLANG_WARN_UNREACHABLE_CODE = YES;
				CLANG_WARN__DUPLICATE_METHOD_MATCH = YES;
				COPY_PHASE_STRIP = NO;
				DEBUG_INFORMATION_FORMAT = dwarf;
				ENABLE_STRICT_OBJC_MSGSEND = YES;
				ENABLE_TESTABILITY = YES;
				GCC_C_LANGUAGE_STANDARD = gnu11;
				GCC_DYNAMIC_NO_PIC = NO;
				GCC_NO_COMMON_BLOCKS = YES;
				GCC_OPTIMIZATION_LEVEL = 0;
				GCC_PREPROCESSOR_DEFINITIONS = (
					"DEBUG=1",
					"$(inherited)",
				);
				GCC_WARN_64_TO_32_BIT_CONVERSION = YES;
				GCC_WARN_ABOUT_RETURN_TYPE = YES_ERROR;
				GCC_WARN_UNDECLARED_SELECTOR = YES;
				GCC_WARN_UNINITIALIZED_AUTOS = YES_AGGRESSIVE;
				GCC_WARN_UNUSED_FUNCTION = YES;
				GCC_WARN_UNUSED_VARIABLE = YES;
				IPHONEOS_DEPLOYMENT_TARGET = 10.0;
				MTL_ENABLE_DEBUG_INFO = INCLUDE_SOURCE;
				MTL_FAST_MATH = YES;
				ONLY_ACTIVE_ARCH = YES;
				SDKROOT = iphoneos;
				SWIFT_ACTIVE_COMPILATION_CONDITIONS = DEBUG;
				SWIFT_OPTIMIZATION_LEVEL = "-Onone";
			};
			name = Debug;
		};
		155ABA7324646FE900AEB154 /* Release */ = {
			isa = XCBuildConfiguration;
			buildSettings = {
				ALWAYS_SEARCH_USER_PATHS = NO;
				CLANG_ANALYZER_NONNULL = YES;
				CLANG_ANALYZER_NUMBER_OBJECT_CONVERSION = YES_AGGRESSIVE;
				CLANG_CXX_LANGUAGE_STANDARD = "gnu++14";
				CLANG_CXX_LIBRARY = "libc++";
				CLANG_ENABLE_MODULES = YES;
				CLANG_ENABLE_OBJC_ARC = YES;
				CLANG_ENABLE_OBJC_WEAK = YES;
				CLANG_WARN_BLOCK_CAPTURE_AUTORELEASING = YES;
				CLANG_WARN_BOOL_CONVERSION = YES;
				CLANG_WARN_COMMA = YES;
				CLANG_WARN_CONSTANT_CONVERSION = YES;
				CLANG_WARN_DEPRECATED_OBJC_IMPLEMENTATIONS = YES;
				CLANG_WARN_DIRECT_OBJC_ISA_USAGE = YES_ERROR;
				CLANG_WARN_DOCUMENTATION_COMMENTS = YES;
				CLANG_WARN_EMPTY_BODY = YES;
				CLANG_WARN_ENUM_CONVERSION = YES;
				CLANG_WARN_INFINITE_RECURSION = YES;
				CLANG_WARN_INT_CONVERSION = YES;
				CLANG_WARN_NON_LITERAL_NULL_CONVERSION = YES;
				CLANG_WARN_OBJC_IMPLICIT_RETAIN_SELF = YES;
				CLANG_WARN_OBJC_LITERAL_CONVERSION = YES;
				CLANG_WARN_OBJC_ROOT_CLASS = YES_ERROR;
				CLANG_WARN_RANGE_LOOP_ANALYSIS = YES;
				CLANG_WARN_STRICT_PROTOTYPES = YES;
				CLANG_WARN_SUSPICIOUS_MOVE = YES;
				CLANG_WARN_UNGUARDED_AVAILABILITY = YES_AGGRESSIVE;
				CLANG_WARN_UNREACHABLE_CODE = YES;
				CLANG_WARN__DUPLICATE_METHOD_MATCH = YES;
				COPY_PHASE_STRIP = NO;
				DEBUG_INFORMATION_FORMAT = "dwarf-with-dsym";
				ENABLE_NS_ASSERTIONS = NO;
				ENABLE_STRICT_OBJC_MSGSEND = YES;
				GCC_C_LANGUAGE_STANDARD = gnu11;
				GCC_NO_COMMON_BLOCKS = YES;
				GCC_WARN_64_TO_32_BIT_CONVERSION = YES;
				GCC_WARN_ABOUT_RETURN_TYPE = YES_ERROR;
				GCC_WARN_UNDECLARED_SELECTOR = YES;
				GCC_WARN_UNINITIALIZED_AUTOS = YES_AGGRESSIVE;
				GCC_WARN_UNUSED_FUNCTION = YES;
				GCC_WARN_UNUSED_VARIABLE = YES;
				IPHONEOS_DEPLOYMENT_TARGET = 10.0;
				MTL_ENABLE_DEBUG_INFO = NO;
				MTL_FAST_MATH = YES;
				SDKROOT = iphoneos;
				SWIFT_COMPILATION_MODE = wholemodule;
				SWIFT_OPTIMIZATION_LEVEL = "-O";
				VALIDATE_PRODUCT = YES;
			};
			name = Release;
		};
		155ABA7524646FE900AEB154 /* Debug */ = {
			isa = XCBuildConfiguration;
			baseConfigurationReference = 50CF54CA6253586D0E4685E4 /* Pods-RxMemo.debug.xcconfig */;
			buildSettings = {
				ASSETCATALOG_COMPILER_APPICON_NAME = AppIcon;
				CODE_SIGN_STYLE = Automatic;
				INFOPLIST_FILE = RxMemo/Info.plist;
				LD_RUNPATH_SEARCH_PATHS = (
					"$(inherited)",
					"@executable_path/Frameworks",
				);
				PRODUCT_BUNDLE_IDENTIFIER = com.tistory.iospanda.RxMemo;
				PRODUCT_NAME = "$(TARGET_NAME)";
				SWIFT_VERSION = 5.0;
				TARGETED_DEVICE_FAMILY = "1,2";
			};
			name = Debug;
		};
		155ABA7624646FE900AEB154 /* Release */ = {
			isa = XCBuildConfiguration;
			baseConfigurationReference = 09541DA08A8C728D2019F77C /* Pods-RxMemo.release.xcconfig */;
			buildSettings = {
				ASSETCATALOG_COMPILER_APPICON_NAME = AppIcon;
				CODE_SIGN_STYLE = Automatic;
				INFOPLIST_FILE = RxMemo/Info.plist;
				LD_RUNPATH_SEARCH_PATHS = (
					"$(inherited)",
					"@executable_path/Frameworks",
				);
				PRODUCT_BUNDLE_IDENTIFIER = com.tistory.iospanda.RxMemo;
				PRODUCT_NAME = "$(TARGET_NAME)";
				SWIFT_VERSION = 5.0;
				TARGETED_DEVICE_FAMILY = "1,2";
			};
			name = Release;
		};
/* End XCBuildConfiguration section */

/* Begin XCConfigurationList section */
		155ABA5824646FE800AEB154 /* Build configuration list for PBXProject "RxMemo" */ = {
			isa = XCConfigurationList;
			buildConfigurations = (
				155ABA7224646FE900AEB154 /* Debug */,
				155ABA7324646FE900AEB154 /* Release */,
			);
			defaultConfigurationIsVisible = 0;
			defaultConfigurationName = Release;
		};
		155ABA7424646FE900AEB154 /* Build configuration list for PBXNativeTarget "RxMemo" */ = {
			isa = XCConfigurationList;
			buildConfigurations = (
				155ABA7524646FE900AEB154 /* Debug */,
				155ABA7624646FE900AEB154 /* Release */,
			);
			defaultConfigurationIsVisible = 0;
			defaultConfigurationName = Release;
		};
/* End XCConfigurationList section */

/* Begin XCVersionGroup section */
		155ABA6924646FE800AEB154 /* RxMemo.xcdatamodeld */ = {
			isa = XCVersionGroup;
			children = (
				155ABA6A24646FE800AEB154 /* RxMemo.xcdatamodel */,
			);
			currentVersion = 155ABA6A24646FE800AEB154 /* RxMemo.xcdatamodel */;
			path = RxMemo.xcdatamodeld;
			sourceTree = "<group>";
			versionGroupType = wrapper.xcdatamodel;
		};
/* End XCVersionGroup section */
	};
	rootObject = 155ABA5524646FE800AEB154 /* Project object */;
}
